// !$*UTF8*$!
{
	archiveVersion = 1;
	classes = {
	};
	objectVersion = 46;
	objects = {

/* Begin PBXBuildFile section */
		39002C301B3DD03B0040C5B0 /* AppDelegate.swift in Sources */ = {isa = PBXBuildFile; fileRef = 39002C2F1B3DD03B0040C5B0 /* AppDelegate.swift */; };
		39002C351B3DD03B0040C5B0 /* Main.storyboard in Resources */ = {isa = PBXBuildFile; fileRef = 39002C331B3DD03B0040C5B0 /* Main.storyboard */; };
		39002C371B3DD03B0040C5B0 /* Images.xcassets in Resources */ = {isa = PBXBuildFile; fileRef = 39002C361B3DD03B0040C5B0 /* Images.xcassets */; };
		39002C3A1B3DD03B0040C5B0 /* LaunchScreen.xib in Resources */ = {isa = PBXBuildFile; fileRef = 39002C381B3DD03B0040C5B0 /* LaunchScreen.xib */; };
		39002C461B3DD03B0040C5B0 /* simbi_appTests.swift in Sources */ = {isa = PBXBuildFile; fileRef = 39002C451B3DD03B0040C5B0 /* simbi_appTests.swift */; };
/* End PBXBuildFile section */

/* Begin PBXContainerItemProxy section */
		39002C401B3DD03B0040C5B0 /* PBXContainerItemProxy */ = {
			isa = PBXContainerItemProxy;
			containerPortal = 39002C221B3DD03B0040C5B0 /* Project object */;
			proxyType = 1;
			remoteGlobalIDString = 39002C291B3DD03B0040C5B0;
			remoteInfo = simbi_app;
		};
/* End PBXContainerItemProxy section */

/* Begin PBXFileReference section */
		39002C2A1B3DD03B0040C5B0 /* simbi_app.app */ = {isa = PBXFileReference; explicitFileType = wrapper.application; includeInIndex = 0; path = simbi_app.app; sourceTree = BUILT_PRODUCTS_DIR; };
		39002C2E1B3DD03B0040C5B0 /* Info.plist */ = {isa = PBXFileReference; lastKnownFileType = text.plist.xml; path = Info.plist; sourceTree = "<group>"; };
		39002C2F1B3DD03B0040C5B0 /* AppDelegate.swift */ = {isa = PBXFileReference; lastKnownFileType = sourcecode.swift; path = AppDelegate.swift; sourceTree = "<group>"; };
		39002C341B3DD03B0040C5B0 /* Base */ = {isa = PBXFileReference; lastKnownFileType = file.storyboard; name = Base; path = Base.lproj/Main.storyboard; sourceTree = "<group>"; };
		39002C361B3DD03B0040C5B0 /* Images.xcassets */ = {isa = PBXFileReference; lastKnownFileType = folder.assetcatalog; path = Images.xcassets; sourceTree = "<group>"; };
		39002C391B3DD03B0040C5B0 /* Base */ = {isa = PBXFileReference; lastKnownFileType = file.xib; name = Base; path = Base.lproj/LaunchScreen.xib; sourceTree = "<group>"; };
		39002C3F1B3DD03B0040C5B0 /* simbi_appTests.xctest */ = {isa = PBXFileReference; explicitFileType = wrapper.cfbundle; includeInIndex = 0; path = simbi_appTests.xctest; sourceTree = BUILT_PRODUCTS_DIR; };
		39002C441B3DD03B0040C5B0 /* Info.plist */ = {isa = PBXFileReference; lastKnownFileType = text.plist.xml; path = Info.plist; sourceTree = "<group>"; };
		39002C451B3DD03B0040C5B0 /* simbi_appTests.swift */ = {isa = PBXFileReference; lastKnownFileType = sourcecode.swift; path = simbi_appTests.swift; sourceTree = "<group>"; };
/* End PBXFileReference section */

/* Begin PBXFrameworksBuildPhase section */
		39002C271B3DD03B0040C5B0 /* Frameworks */ = {
			isa = PBXFrameworksBuildPhase;
			buildActionMask = 2147483647;
			files = (
			);
			runOnlyForDeploymentPostprocessing = 0;
		};
		39002C3C1B3DD03B0040C5B0 /* Frameworks */ = {
			isa = PBXFrameworksBuildPhase;
			buildActionMask = 2147483647;
			files = (
			);
			runOnlyForDeploymentPostprocessing = 0;
		};
/* End PBXFrameworksBuildPhase section */

/* Begin PBXGroup section */
		39002C211B3DD03B0040C5B0 = {
			isa = PBXGroup;
			children = (
				39002C2C1B3DD03B0040C5B0 /* simbi_app */,
				39002C421B3DD03B0040C5B0 /* simbi_appTests */,
				39002C2B1B3DD03B0040C5B0 /* Products */,
			);
			sourceTree = "<group>";
		};
		39002C2B1B3DD03B0040C5B0 /* Products */ = {
			isa = PBXGroup;
			children = (
				39002C2A1B3DD03B0040C5B0 /* simbi_app.app */,
				39002C3F1B3DD03B0040C5B0 /* simbi_appTests.xctest */,
			);
			name = Products;
			sourceTree = "<group>";
		};
		39002C2C1B3DD03B0040C5B0 /* simbi_app */ = {
			isa = PBXGroup;
			children = (
				39002C2F1B3DD03B0040C5B0 /* AppDelegate.swift */,
				39002C331B3DD03B0040C5B0 /* Main.storyboard */,
				39002C361B3DD03B0040C5B0 /* Images.xcassets */,
				39002C381B3DD03B0040C5B0 /* LaunchScreen.xib */,
				39002C2D1B3DD03B0040C5B0 /* Supporting Files */,
			);
			path = simbi_app;
			sourceTree = "<group>";
		};
		39002C2D1B3DD03B0040C5B0 /* Supporting Files */ = {
			isa = PBXGroup;
			children = (
				39002C2E1B3DD03B0040C5B0 /* Info.plist */,
			);
			name = "Supporting Files";
			sourceTree = "<group>";
		};
		39002C421B3DD03B0040C5B0 /* simbi_appTests */ = {
			isa = PBXGroup;
			children = (
				39002C451B3DD03B0040C5B0 /* simbi_appTests.swift */,
				39002C431B3DD03B0040C5B0 /* Supporting Files */,
			);
			path = simbi_appTests;
			sourceTree = "<group>";
		};
		39002C431B3DD03B0040C5B0 /* Supporting Files */ = {
			isa = PBXGroup;
			children = (
				39002C441B3DD03B0040C5B0 /* Info.plist */,
			);
			name = "Supporting Files";
			sourceTree = "<group>";
		};
/* End PBXGroup section */

/* Begin PBXNativeTarget section */
		39002C291B3DD03B0040C5B0 /* simbi_app */ = {
			isa = PBXNativeTarget;
			buildConfigurationList = 39002C491B3DD03B0040C5B0 /* Build configuration list for PBXNativeTarget "simbi_app" */;
			buildPhases = (
				39002C261B3DD03B0040C5B0 /* Sources */,
				39002C271B3DD03B0040C5B0 /* Frameworks */,
				39002C281B3DD03B0040C5B0 /* Resources */,
			);
			buildRules = (
			);
			dependencies = (
			);
			name = simbi_app;
			productName = simbi_app;
			productReference = 39002C2A1B3DD03B0040C5B0 /* simbi_app.app */;
			productType = "com.apple.product-type.application";
		};
		39002C3E1B3DD03B0040C5B0 /* simbi_appTests */ = {
			isa = PBXNativeTarget;
			buildConfigurationList = 39002C4C1B3DD03B0040C5B0 /* Build configuration list for PBXNativeTarget "simbi_appTests" */;
			buildPhases = (
				39002C3B1B3DD03B0040C5B0 /* Sources */,
				39002C3C1B3DD03B0040C5B0 /* Frameworks */,
				39002C3D1B3DD03B0040C5B0 /* Resources */,
			);
			buildRules = (
			);
			dependencies = (
				39002C411B3DD03B0040C5B0 /* PBXTargetDependency */,
			);
			name = simbi_appTests;
			productName = simbi_appTests;
			productReference = 39002C3F1B3DD03B0040C5B0 /* simbi_appTests.xctest */;
			productType = "com.apple.product-type.bundle.unit-test";
		};
/* End PBXNativeTarget section */

/* Begin PBXProject section */
		39002C221B3DD03B0040C5B0 /* Project object */ = {
			isa = PBXProject;
			attributes = {
				LastUpgradeCheck = 0610;
				ORGANIZATIONNAME = simbi;
				TargetAttributes = {
					39002C291B3DD03B0040C5B0 = {
						CreatedOnToolsVersion = 6.1;
					};
					39002C3E1B3DD03B0040C5B0 = {
						CreatedOnToolsVersion = 6.1;
						TestTargetID = 39002C291B3DD03B0040C5B0;
					};
				};
			};
			buildConfigurationList = 39002C251B3DD03B0040C5B0 /* Build configuration list for PBXProject "simbi_app" */;
			compatibilityVersion = "Xcode 3.2";
			developmentRegion = English;
			hasScannedForEncodings = 0;
			knownRegions = (
				en,
				Base,
			);
			mainGroup = 39002C211B3DD03B0040C5B0;
			productRefGroup = 39002C2B1B3DD03B0040C5B0 /* Products */;
			projectDirPath = "";
			projectRoot = "";
			targets = (
				39002C291B3DD03B0040C5B0 /* simbi_app */,
				39002C3E1B3DD03B0040C5B0 /* simbi_appTests */,
			);
		};
/* End PBXProject section */

/* Begin PBXResourcesBuildPhase section */
		39002C281B3DD03B0040C5B0 /* Resources */ = {
			isa = PBXResourcesBuildPhase;
			buildActionMask = 2147483647;
			files = (
				39002C351B3DD03B0040C5B0 /* Main.storyboard in Resources */,
				39002C3A1B3DD03B0040C5B0 /* LaunchScreen.xib in Resources */,
				39002C371B3DD03B0040C5B0 /* Images.xcassets in Resources */,
			);
			runOnlyForDeploymentPostprocessing = 0;
		};
		39002C3D1B3DD03B0040C5B0 /* Resources */ = {
			isa = PBXResourcesBuildPhase;
			buildActionMask = 2147483647;
			files = (
			);
			runOnlyForDeploymentPostprocessing = 0;
		};
/* End PBXResourcesBuildPhase section */

/* Begin PBXSourcesBuildPhase section */
		39002C261B3DD03B0040C5B0 /* Sources */ = {
			isa = PBXSourcesBuildPhase;
			buildActionMask = 2147483647;
			files = (
				39002C301B3DD03B0040C5B0 /* AppDelegate.swift in Sources */,
			);
			runOnlyForDeploymentPostprocessing = 0;
		};
		39002C3B1B3DD03B0040C5B0 /* Sources */ = {
			isa = PBXSourcesBuildPhase;
			buildActionMask = 2147483647;
			files = (
				39002C461B3DD03B0040C5B0 /* simbi_appTests.swift in Sources */,
			);
			runOnlyForDeploymentPostprocessing = 0;
		};
/* End PBXSourcesBuildPhase section */

/* Begin PBXTargetDependency section */
		39002C411B3DD03B0040C5B0 /* PBXTargetDependency */ = {
			isa = PBXTargetDependency;
			target = 39002C291B3DD03B0040C5B0 /* simbi_app */;
			targetProxy = 39002C401B3DD03B0040C5B0 /* PBXContainerItemProxy */;
		};
/* End PBXTargetDependency section */

/* Begin PBXVariantGroup section */
		39002C331B3DD03B0040C5B0 /* Main.storyboard */ = {
			isa = PBXVariantGroup;
			children = (
				39002C341B3DD03B0040C5B0 /* Base */,
			);
			name = Main.storyboard;
			sourceTree = "<group>";
		};
		39002C381B3DD03B0040C5B0 /* LaunchScreen.xib */ = {
			isa = PBXVariantGroup;
			children = (
				39002C391B3DD03B0040C5B0 /* Base */,
			);
			name = LaunchScreen.xib;
			sourceTree = "<group>";
		};
/* End PBXVariantGroup section */

/* Begin XCBuildConfiguration section */
		39002C471B3DD03B0040C5B0 /* Debug */ = {
			isa = XCBuildConfiguration;
			buildSettings = {
				ALWAYS_SEARCH_USER_PATHS = NO;
				CLANG_CXX_LANGUAGE_STANDARD = "gnu++0x";
				CLANG_CXX_LIBRARY = "libc++";
				CLANG_ENABLE_MODULES = YES;
				CLANG_ENABLE_OBJC_ARC = YES;
				CLANG_WARN_BOOL_CONVERSION = YES;
				CLANG_WARN_CONSTANT_CONVERSION = YES;
				CLANG_WARN_DIRECT_OBJC_ISA_USAGE = YES_ERROR;
				CLANG_WARN_EMPTY_BODY = YES;
				CLANG_WARN_ENUM_CONVERSION = YES;
				CLANG_WARN_INT_CONVERSION = YES;
				CLANG_WARN_OBJC_ROOT_CLASS = YES_ERROR;
				CLANG_WARN_UNREACHABLE_CODE = YES;
				CLANG_WARN__DUPLICATE_METHOD_MATCH = YES;
				"CODE_SIGN_IDENTITY[sdk=iphoneos*]" = "iPhone Developer";
				COPY_PHASE_STRIP = NO;
				ENABLE_STRICT_OBJC_MSGSEND = YES;
				GCC_C_LANGUAGE_STANDARD = gnu99;
				GCC_DYNAMIC_NO_PIC = NO;
				GCC_OPTIMIZATION_LEVEL = 0;
				GCC_PREPROCESSOR_DEFINITIONS = (
					"DEBUG=1",
					"$(inherited)",
				);
				GCC_SYMBOLS_PRIVATE_EXTERN = NO;
				GCC_WARN_64_TO_32_BIT_CONVERSION = YES;
				GCC_WARN_ABOUT_RETURN_TYPE = YES_ERROR;
				GCC_WARN_UNDECLARED_SELECTOR = YES;
				GCC_WARN_UNINITIALIZED_AUTOS = YES_AGGRESSIVE;
				GCC_WARN_UNUSED_FUNCTION = YES;
				GCC_WARN_UNUSED_VARIABLE = YES;
				IPHONEOS_DEPLOYMENT_TARGET = 8.1;
				MTL_ENABLE_DEBUG_INFO = YES;
				ONLY_ACTIVE_ARCH = YES;
				SDKROOT = iphoneos;
				SWIFT_OPTIMIZATION_LEVEL = "-Onone";
			};
			name = Debug;
		};
		39002C481B3DD03B0040C5B0 /* Release */ = {
			isa = XCBuildConfiguration;
			buildSettings = {
				ALWAYS_SEARCH_USER_PATHS = NO;
				CLANG_CXX_LANGUAGE_STANDARD = "gnu++0x";
				CLANG_CXX_LIBRARY = "libc++";
				CLANG_ENABLE_MODULES = YES;
				CLANG_ENABLE_OBJC_ARC = YES;
				CLANG_WARN_BOOL_CONVERSION = YES;
				CLANG_WARN_CONSTANT_CONVERSION = YES;
				CLANG_WARN_DIRECT_OBJC_ISA_USAGE = YES_ERROR;
				CLANG_WARN_EMPTY_BODY = YES;
				CLANG_WARN_ENUM_CONVERSION = YES;
				CLANG_WARN_INT_CONVERSION = YES;
				CLANG_WARN_OBJC_ROOT_CLASS = YES_ERROR;
				CLANG_WARN_UNREACHABLE_CODE = YES;
				CLANG_WARN__DUPLICATE_METHOD_MATCH = YES;
				"CODE_SIGN_IDENTITY[sdk=iphoneos*]" = "iPhone Developer";
				COPY_PHASE_STRIP = YES;
				ENABLE_NS_ASSERTIONS = NO;
				ENABLE_STRICT_OBJC_MSGSEND = YES;
				GCC_C_LANGUAGE_STANDARD = gnu99;
				GCC_WARN_64_TO_32_BIT_CONVERSION = YES;
				GCC_WARN_ABOUT_RETURN_TYPE = YES_ERROR;
				GCC_WARN_UNDECLARED_SELECTOR = YES;
				GCC_WARN_UNINITIALIZED_AUTOS = YES_AGGRESSIVE;
				GCC_WARN_UNUSED_FUNCTION = YES;
				GCC_WARN_UNUSED_VARIABLE = YES;
				IPHONEOS_DEPLOYMENT_TARGET = 8.1;
				MTL_ENABLE_DEBUG_INFO = NO;
				SDKROOT = iphoneos;
				VALIDATE_PRODUCT = YES;
			};
			name = Release;
		};
		39002C4A1B3DD03B0040C5B0 /* Debug */ = {
			isa = XCBuildConfiguration;
			buildSettings = {
				ASSETCATALOG_COMPILER_APPICON_NAME = AppIcon;
				INFOPLIST_FILE = simbi_app/Info.plist;
				LD_RUNPATH_SEARCH_PATHS = "$(inherited) @executable_path/Frameworks";
				PRODUCT_NAME = "$(TARGET_NAME)";
			};
			name = Debug;
		};
		39002C4B1B3DD03B0040C5B0 /* Release */ = {
			isa = XCBuildConfiguration;
			buildSettings = {
				ASSETCATALOG_COMPILER_APPICON_NAME = AppIcon;
				INFOPLIST_FILE = simbi_app/Info.plist;
				LD_RUNPATH_SEARCH_PATHS = "$(inherited) @executable_path/Frameworks";
				PRODUCT_NAME = "$(TARGET_NAME)";
			};
			name = Release;
		};
		39002C4D1B3DD03B0040C5B0 /* Debug */ = {
			isa = XCBuildConfiguration;
			buildSettings = {
				BUNDLE_LOADER = "$(TEST_HOST)";
				FRAMEWORK_SEARCH_PATHS = (
					"$(SDKROOT)/Developer/Library/Frameworks",
					"$(inherited)",
				);
				GCC_PREPROCESSOR_DEFINITIONS = (
					"DEBUG=1",
					"$(inherited)",
				);
				INFOPLIST_FILE = simbi_appTests/Info.plist;
				LD_RUNPATH_SEARCH_PATHS = "$(inherited) @executable_path/Frameworks @loader_path/Frameworks";
				PRODUCT_NAME = "$(TARGET_NAME)";
				TEST_HOST = "$(BUILT_PRODUCTS_DIR)/simbi_app.app/simbi_app";
			};
			name = Debug;
		};
		39002C4E1B3DD03B0040C5B0 /* Release */ = {
			isa = XCBuildConfiguration;
			buildSettings = {
				BUNDLE_LOADER = "$(TEST_HOST)";
				FRAMEWORK_SEARCH_PATHS = (
					"$(SDKROOT)/Developer/Library/Frameworks",
					"$(inherited)",
				);
				INFOPLIST_FILE = simbi_appTests/Info.plist;
				LD_RUNPATH_SEARCH_PATHS = "$(inherited) @executable_path/Frameworks @loader_path/Frameworks";
				PRODUCT_NAME = "$(TARGET_NAME)";
				TEST_HOST = "$(BUILT_PRODUCTS_DIR)/simbi_app.app/simbi_app";
			};
			name = Release;
		};
/* End XCBuildConfiguration section */

/* Begin XCConfigurationList section */
		39002C251B3DD03B0040C5B0 /* Build configuration list for PBXProject "simbi_app" */ = {
			isa = XCConfigurationList;
			buildConfigurations = (
				39002C471B3DD03B0040C5B0 /* Debug */,
				39002C481B3DD03B0040C5B0 /* Release */,
			);
			defaultConfigurationIsVisible = 0;
			defaultConfigurationName = Release;
		};
		39002C491B3DD03B0040C5B0 /* Build configuration list for PBXNativeTarget "simbi_app" */ = {
			isa = XCConfigurationList;
			buildConfigurations = (
				39002C4A1B3DD03B0040C5B0 /* Debug */,
				39002C4B1B3DD03B0040C5B0 /* Release */,
			);
			defaultConfigurationIsVisible = 0;
		};
		39002C4C1B3DD03B0040C5B0 /* Build configuration list for PBXNativeTarget "simbi_appTests" */ = {
			isa = XCConfigurationList;
			buildConfigurations = (
				39002C4D1B3DD03B0040C5B0 /* Debug */,
				39002C4E1B3DD03B0040C5B0 /* Release */,
			);
			defaultConfigurationIsVisible = 0;
		};
/* End XCConfigurationList section */
	};
	rootObject = 39002C221B3DD03B0040C5B0 /* Project object */;
}
